
Microsoft Visual Studio Solution File, Format Version 12.00
# Visual Studio 15
VisualStudioVersion = 15.0.27428.2037
MinimumVisualStudioVersion = 10.0.40219.1
Project("{E24C65DC-7377-472B-9ABA-BC803B73C61A}") = "AVaittinenHTML5", "AVaittinenHTML5\", "{0FF681D4-AB54-40D6-A195-A7CB675FB184}"
	ProjectSection(WebsiteProperties) = preProject
		TargetFrameworkMoniker = ".NETFramework,Version%3Dv4.6.1"
		Debug.AspNetCompiler.VirtualPath = "/localhost_56777"
		Debug.AspNetCompiler.PhysicalPath = "AVaittinenHTML5\"
		Debug.AspNetCompiler.TargetPath = "PrecompiledWeb\localhost_56777\"
		Debug.AspNetCompiler.Updateable = "true"
		Debug.AspNetCompiler.ForceOverwrite = "true"
		Debug.AspNetCompiler.FixedNames = "false"
		Debug.AspNetCompiler.Debug = "True"
		Release.AspNetCompiler.VirtualPath = "/localhost_56777"
		Release.AspNetCompiler.PhysicalPath = "AVaittinenHTML5\"
		Release.AspNetCompiler.TargetPath = "PrecompiledWeb\localhost_56777\"
		Release.AspNetCompiler.Updateable = "true"
		Release.AspNetCompiler.ForceOverwrite = "true"
		Release.AspNetCompiler.FixedNames = "false"
		Release.AspNetCompiler.Debug = "False"
		VWDPort = "56777"
		SlnRelativePath = "AVaittinenHTML5\"
		DefaultWebSiteLanguage = "Visual C#"
	EndProjectSection
EndProject
Global
	GlobalSection(SolutionConfigurationPlatforms) = preSolution
		Debug|Any CPU = Debug|Any CPU
	EndGlobalSection
	GlobalSection(ProjectConfigurationPlatforms) = postSolution
		{0FF681D4-AB54-40D6-A195-A7CB675FB184}.Debug|Any CPU.ActiveCfg = Debug|Any CPU
		{0FF681D4-AB54-40D6-A195-A7CB675FB184}.Debug|Any CPU.Build.0 = Debug|Any CPU
	EndGlobalSection
	GlobalSection(SolutionProperties) = preSolution
		HideSolutionNode = FALSE
	EndGlobalSection
	GlobalSection(ExtensibilityGlobals) = postSolution
		SolutionGuid = {61549A03-4F2B-4CCB-A6DE-E02883CB6E4E}
	EndGlobalSection
EndGlobal
